
Microsoft Visual Studio Solution File, Format Version 12.00
# Visual Studio Version 16
VisualStudioVersion = 16.0.29613.14
MinimumVisualStudioVersion = 10.0.40219.1
Project("{FAE04EC0-301F-11D3-BF4B-00C04F79EFBC}") = "AspLesson", "AspLesson.csproj", "{62A2D278-B89A-4348-A8A0-E5F1A9C89155}"
EndProject
Global
	GlobalSection(SolutionConfigurationPlatforms) = preSolution
		Debug|Any CPU = Debug|Any CPU
		Release|Any CPU = Release|Any CPU
	EndGlobalSection
	GlobalSection(ProjectConfigurationPlatforms) = postSolution
		{62A2D278-B89A-4348-A8A0-E5F1A9C89155}.Debug|Any CPU.ActiveCfg = Debug|Any CPU
		{62A2D278-B89A-4348-A8A0-E5F1A9C89155}.Debug|Any CPU.Build.0 = Debug|Any CPU
		{62A2D278-B89A-4348-A8A0-E5F1A9C89155}.Release|Any CPU.ActiveCfg = Release|Any CPU
		{62A2D278-B89A-4348-A8A0-E5F1A9C89155}.Release|Any CPU.Build.0 = Release|Any CPU
	EndGlobalSection
	GlobalSection(SolutionProperties) = preSolution
		HideSolutionNode = FALSE
	EndGlobalSection
	GlobalSection(ExtensibilityGlobals) = postSolution
		SolutionGuid = {DA6AA3AF-2DB3-44D3-BB37-3A3C2E991CB8}
	EndGlobalSection
EndGlobal
